
Microsoft Visual Studio Solution File, Format Version 12.00
# Visual Studio Version 16
VisualStudioVersion = 16.0.29324.140
MinimumVisualStudioVersion = 10.0.40219.1
Project("{FAE04EC0-301F-11D3-BF4B-00C04F79EFBC}") = "Hospital.UI", "Hospital.UI\Hospital.UI.csproj", "{BA484558-F13C-4C09-A906-E2BA4DBC2394}"
EndProject
Project("{FAE04EC0-301F-11D3-BF4B-00C04F79EFBC}") = "Hospital.Core.Models", "Hospital.Core.Models\Hospital.Core.Models.csproj", "{EABB3DC2-40D4-44AF-AFC0-D6D691A1348B}"
EndProject
Project("{FAE04EC0-301F-11D3-BF4B-00C04F79EFBC}") = "Hospital.DAL", "Hospital.DAL\Hospital.DAL.csproj", "{041B6B67-090E-4220-A205-4E99EF809E1E}"
EndProject
Project("{FAE04EC0-301F-11D3-BF4B-00C04F79EFBC}") = "Hospital.Services", "Hospital.Services\Hospital.Services.csproj", "{91E9EC3E-A7C2-4579-833D-780396F366F8}"
EndProject
Project("{FAE04EC0-301F-11D3-BF4B-00C04F79EFBC}") = "Hospital.Service.Interfaces", "Hospital.Service.Interfaces\Hospital.Service.Interfaces.csproj", "{27DA41AB-7833-4B61-B395-A66A4A659A1D}"
EndProject
Global
	GlobalSection(SolutionConfigurationPlatforms) = preSolution
		Debug|Any CPU = Debug|Any CPU
		Release|Any CPU = Release|Any CPU
	EndGlobalSection
	GlobalSection(ProjectConfigurationPlatforms) = postSolution
		{BA484558-F13C-4C09-A906-E2BA4DBC2394}.Debug|Any CPU.ActiveCfg = Debug|Any CPU
		{BA484558-F13C-4C09-A906-E2BA4DBC2394}.Debug|Any CPU.Build.0 = Debug|Any CPU
		{BA484558-F13C-4C09-A906-E2BA4DBC2394}.Release|Any CPU.ActiveCfg = Release|Any CPU
		{BA484558-F13C-4C09-A906-E2BA4DBC2394}.Release|Any CPU.Build.0 = Release|Any CPU
		{EABB3DC2-40D4-44AF-AFC0-D6D691A1348B}.Debug|Any CPU.ActiveCfg = Debug|Any CPU
		{EABB3DC2-40D4-44AF-AFC0-D6D691A1348B}.Debug|Any CPU.Build.0 = Debug|Any CPU
		{EABB3DC2-40D4-44AF-AFC0-D6D691A1348B}.Release|Any CPU.ActiveCfg = Release|Any CPU
		{EABB3DC2-40D4-44AF-AFC0-D6D691A1348B}.Release|Any CPU.Build.0 = Release|Any CPU
		{041B6B67-090E-4220-A205-4E99EF809E1E}.Debug|Any CPU.ActiveCfg = Debug|Any CPU
		{041B6B67-090E-4220-A205-4E99EF809E1E}.Debug|Any CPU.Build.0 = Debug|Any CPU
		{041B6B67-090E-4220-A205-4E99EF809E1E}.Release|Any CPU.ActiveCfg = Release|Any CPU
		{041B6B67-090E-4220-A205-4E99EF809E1E}.Release|Any CPU.Build.0 = Release|Any CPU
		{91E9EC3E-A7C2-4579-833D-780396F366F8}.Debug|Any CPU.ActiveCfg = Debug|Any CPU
		{91E9EC3E-A7C2-4579-833D-780396F366F8}.Debug|Any CPU.Build.0 = Debug|Any CPU
		{91E9EC3E-A7C2-4579-833D-780396F366F8}.Release|Any CPU.ActiveCfg = Release|Any CPU
		{91E9EC3E-A7C2-4579-833D-780396F366F8}.Release|Any CPU.Build.0 = Release|Any CPU
		{27DA41AB-7833-4B61-B395-A66A4A659A1D}.Debug|Any CPU.ActiveCfg = Debug|Any CPU
		{27DA41AB-7833-4B61-B395-A66A4A659A1D}.Debug|Any CPU.Build.0 = Debug|Any CPU
		{27DA41AB-7833-4B61-B395-A66A4A659A1D}.Release|Any CPU.ActiveCfg = Release|Any CPU
		{27DA41AB-7833-4B61-B395-A66A4A659A1D}.Release|Any CPU.Build.0 = Release|Any CPU
	EndGlobalSection
	GlobalSection(SolutionProperties) = preSolution
		HideSolutionNode = FALSE
	EndGlobalSection
	GlobalSection(ExtensibilityGlobals) = postSolution
		SolutionGuid = {005932F3-B6A2-4189-9455-D55CD4E63E7A}
	EndGlobalSection
EndGlobal
